
Microsoft Visual Studio Solution File, Format Version 12.00
# Visual Studio 15
VisualStudioVersion = 15.0.28307.136
MinimumVisualStudioVersion = 10.0.40219.1
Project("{FAE04EC0-301F-11D3-BF4B-00C04F79EFBC}") = "AsyncMonads", "AsyncMonads\AsyncMonads.csproj", "{78CA33D6-50D1-49A1-B94F-5652D30C95FE}"
EndProject
Global
	GlobalSection(SolutionConfigurationPlatforms) = preSolution
		Debug|Any CPU = Debug|Any CPU
		Release|Any CPU = Release|Any CPU
	EndGlobalSection
	GlobalSection(ProjectConfigurationPlatforms) = postSolution
		{78CA33D6-50D1-49A1-B94F-5652D30C95FE}.Debug|Any CPU.ActiveCfg = Debug|Any CPU
		{78CA33D6-50D1-49A1-B94F-5652D30C95FE}.Debug|Any CPU.Build.0 = Debug|Any CPU
		{78CA33D6-50D1-49A1-B94F-5652D30C95FE}.Release|Any CPU.ActiveCfg = Release|Any CPU
		{78CA33D6-50D1-49A1-B94F-5652D30C95FE}.Release|Any CPU.Build.0 = Release|Any CPU
	EndGlobalSection
	GlobalSection(SolutionProperties) = preSolution
		HideSolutionNode = FALSE
	EndGlobalSection
	GlobalSection(ExtensibilityGlobals) = postSolution
		SolutionGuid = {AD264E84-92D6-492D-B8D9-AC7F47E39590}
	EndGlobalSection
EndGlobal
